
Microsoft Visual Studio Solution File, Format Version 12.00
# Visual Studio Version 17
VisualStudioVersion = 17.9.34902.65
MinimumVisualStudioVersion = 10.0.40219.1
Project("{FAE04EC0-301F-11D3-BF4B-00C04F79EFBC}") = "TryParse", "TryParse\TryParse.csproj", "{1463DE00-F5DE-4339-80E4-BFBF57A389A4}"
EndProject
Global
	GlobalSection(SolutionConfigurationPlatforms) = preSolution
		Debug|Any CPU = Debug|Any CPU
		Release|Any CPU = Release|Any CPU
	EndGlobalSection
	GlobalSection(ProjectConfigurationPlatforms) = postSolution
		{1463DE00-F5DE-4339-80E4-BFBF57A389A4}.Debug|Any CPU.ActiveCfg = Debug|Any CPU
		{1463DE00-F5DE-4339-80E4-BFBF57A389A4}.Debug|Any CPU.Build.0 = Debug|Any CPU
		{1463DE00-F5DE-4339-80E4-BFBF57A389A4}.Release|Any CPU.ActiveCfg = Release|Any CPU
		{1463DE00-F5DE-4339-80E4-BFBF57A389A4}.Release|Any CPU.Build.0 = Release|Any CPU
	EndGlobalSection
	GlobalSection(SolutionProperties) = preSolution
		HideSolutionNode = FALSE
	EndGlobalSection
	GlobalSection(ExtensibilityGlobals) = postSolution
		SolutionGuid = {E290993E-590B-47C1-BA5E-2768D6B708E4}
	EndGlobalSection
EndGlobal
